
Microsoft Visual Studio Solution File, Format Version 12.00
# Visual Studio 15
VisualStudioVersion = 15.0.27428.2043
MinimumVisualStudioVersion = 10.0.40219.1
Project("{FAE04EC0-301F-11D3-BF4B-00C04F79EFBC}") = "SDA_532imz_ZMiroslavova_ist", "SDA_532imz_ZMiroslavova_ist\SDA_532imz_ZMiroslavova_ist.csproj", "{5B1C1E5A-F00A-4EBA-89A4-79FE51BFDB67}"
EndProject
Global
	GlobalSection(SolutionConfigurationPlatforms) = preSolution
		Debug|Any CPU = Debug|Any CPU
		Release|Any CPU = Release|Any CPU
	EndGlobalSection
	GlobalSection(ProjectConfigurationPlatforms) = postSolution
		{5B1C1E5A-F00A-4EBA-89A4-79FE51BFDB67}.Debug|Any CPU.ActiveCfg = Debug|Any CPU
		{5B1C1E5A-F00A-4EBA-89A4-79FE51BFDB67}.Debug|Any CPU.Build.0 = Debug|Any CPU
		{5B1C1E5A-F00A-4EBA-89A4-79FE51BFDB67}.Release|Any CPU.ActiveCfg = Release|Any CPU
		{5B1C1E5A-F00A-4EBA-89A4-79FE51BFDB67}.Release|Any CPU.Build.0 = Release|Any CPU
	EndGlobalSection
	GlobalSection(SolutionProperties) = preSolution
		HideSolutionNode = FALSE
	EndGlobalSection
	GlobalSection(ExtensibilityGlobals) = postSolution
		SolutionGuid = {011EAE88-51D5-46C6-BFC8-88B328A28F97}
	EndGlobalSection
EndGlobal
